
Microsoft Visual Studio Solution File, Format Version 12.00
# Visual Studio 15
VisualStudioVersion = 15.0.26730.16
MinimumVisualStudioVersion = 10.0.40219.1
Project("{FAE04EC0-301F-11D3-BF4B-00C04F79EFBC}") = "GUI", "GUI\GUI.csproj", "{B806E290-CC70-4AC2-9B0C-56AC5B84404A}"
EndProject
Project("{FAE04EC0-301F-11D3-BF4B-00C04F79EFBC}") = "Modelo", "Modelo\Modelo.csproj", "{C684DC3C-A0E0-4163-975D-7BD9F4044B40}"
EndProject
Project("{FAE04EC0-301F-11D3-BF4B-00C04F79EFBC}") = "DAL", "DAL\DAL.csproj", "{DEFC5C42-D3FD-4CC1-BCF0-54660DB9BDF3}"
EndProject
Project("{FAE04EC0-301F-11D3-BF4B-00C04F79EFBC}") = "BLL", "BLL\BLL.csproj", "{3D00720E-268E-49BF-8EAA-4750272D61F5}"
EndProject
Global
	GlobalSection(SolutionConfigurationPlatforms) = preSolution
		Debug|Any CPU = Debug|Any CPU
		Debug|ARM = Debug|ARM
		Debug|x64 = Debug|x64
		Debug|x86 = Debug|x86
		Release|Any CPU = Release|Any CPU
		Release|ARM = Release|ARM
		Release|x64 = Release|x64
		Release|x86 = Release|x86
	EndGlobalSection
	GlobalSection(ProjectConfigurationPlatforms) = postSolution
		{B806E290-CC70-4AC2-9B0C-56AC5B84404A}.Debug|Any CPU.ActiveCfg = Debug|Any CPU
		{B806E290-CC70-4AC2-9B0C-56AC5B84404A}.Debug|Any CPU.Build.0 = Debug|Any CPU
		{B806E290-CC70-4AC2-9B0C-56AC5B84404A}.Debug|ARM.ActiveCfg = Debug|Any CPU
		{B806E290-CC70-4AC2-9B0C-56AC5B84404A}.Debug|ARM.Build.0 = Debug|Any CPU
		{B806E290-CC70-4AC2-9B0C-56AC5B84404A}.Debug|x64.ActiveCfg = Debug|Any CPU
		{B806E290-CC70-4AC2-9B0C-56AC5B84404A}.Debug|x64.Build.0 = Debug|Any CPU
		{B806E290-CC70-4AC2-9B0C-56AC5B84404A}.Debug|x86.ActiveCfg = Debug|Any CPU
		{B806E290-CC70-4AC2-9B0C-56AC5B84404A}.Debug|x86.Build.0 = Debug|Any CPU
		{B806E290-CC70-4AC2-9B0C-56AC5B84404A}.Release|Any CPU.ActiveCfg = Release|Any CPU
		{B806E290-CC70-4AC2-9B0C-56AC5B84404A}.Release|Any CPU.Build.0 = Release|Any CPU
		{B806E290-CC70-4AC2-9B0C-56AC5B84404A}.Release|ARM.ActiveCfg = Release|Any CPU
		{B806E290-CC70-4AC2-9B0C-56AC5B84404A}.Release|ARM.Build.0 = Release|Any CPU
		{B806E290-CC70-4AC2-9B0C-56AC5B84404A}.Release|x64.ActiveCfg = Release|Any CPU
		{B806E290-CC70-4AC2-9B0C-56AC5B84404A}.Release|x64.Build.0 = Release|Any CPU
		{B806E290-CC70-4AC2-9B0C-56AC5B84404A}.Release|x86.ActiveCfg = Release|Any CPU
		{B806E290-CC70-4AC2-9B0C-56AC5B84404A}.Release|x86.Build.0 = Release|Any CPU
		{C684DC3C-A0E0-4163-975D-7BD9F4044B40}.Debug|Any CPU.ActiveCfg = Debug|Any CPU
		{C684DC3C-A0E0-4163-975D-7BD9F4044B40}.Debug|Any CPU.Build.0 = Debug|Any CPU
		{C684DC3C-A0E0-4163-975D-7BD9F4044B40}.Debug|ARM.ActiveCfg = Debug|Any CPU
		{C684DC3C-A0E0-4163-975D-7BD9F4044B40}.Debug|ARM.Build.0 = Debug|Any CPU
		{C684DC3C-A0E0-4163-975D-7BD9F4044B40}.Debug|x64.ActiveCfg = Debug|Any CPU
		{C684DC3C-A0E0-4163-975D-7BD9F4044B40}.Debug|x64.Build.0 = Debug|Any CPU
		{C684DC3C-A0E0-4163-975D-7BD9F4044B40}.Debug|x86.ActiveCfg = Debug|Any CPU
		{C684DC3C-A0E0-4163-975D-7BD9F4044B40}.Debug|x86.Build.0 = Debug|Any CPU
		{C684DC3C-A0E0-4163-975D-7BD9F4044B40}.Release|Any CPU.ActiveCfg = Release|Any CPU
		{C684DC3C-A0E0-4163-975D-7BD9F4044B40}.Release|Any CPU.Build.0 = Release|Any CPU
		{C684DC3C-A0E0-4163-975D-7BD9F4044B40}.Release|ARM.ActiveCfg = Release|Any CPU
		{C684DC3C-A0E0-4163-975D-7BD9F4044B40}.Release|ARM.Build.0 = Release|Any CPU
		{C684DC3C-A0E0-4163-975D-7BD9F4044B40}.Release|x64.ActiveCfg = Release|Any CPU
		{C684DC3C-A0E0-4163-975D-7BD9F4044B40}.Release|x64.Build.0 = Release|Any CPU
		{C684DC3C-A0E0-4163-975D-7BD9F4044B40}.Release|x86.ActiveCfg = Release|Any CPU
		{C684DC3C-A0E0-4163-975D-7BD9F4044B40}.Release|x86.Build.0 = Release|Any CPU
		{DEFC5C42-D3FD-4CC1-BCF0-54660DB9BDF3}.Debug|Any CPU.ActiveCfg = Debug|Any CPU
		{DEFC5C42-D3FD-4CC1-BCF0-54660DB9BDF3}.Debug|Any CPU.Build.0 = Debug|Any CPU
		{DEFC5C42-D3FD-4CC1-BCF0-54660DB9BDF3}.Debug|ARM.ActiveCfg = Debug|Any CPU
		{DEFC5C42-D3FD-4CC1-BCF0-54660DB9BDF3}.Debug|ARM.Build.0 = Debug|Any CPU
		{DEFC5C42-D3FD-4CC1-BCF0-54660DB9BDF3}.Debug|x64.ActiveCfg = Debug|Any CPU
		{DEFC5C42-D3FD-4CC1-BCF0-54660DB9BDF3}.Debug|x64.Build.0 = Debug|Any CPU
		{DEFC5C42-D3FD-4CC1-BCF0-54660DB9BDF3}.Debug|x86.ActiveCfg = Debug|Any CPU
		{DEFC5C42-D3FD-4CC1-BCF0-54660DB9BDF3}.Debug|x86.Build.0 = Debug|Any CPU
		{DEFC5C42-D3FD-4CC1-BCF0-54660DB9BDF3}.Release|Any CPU.ActiveCfg = Release|Any CPU
		{DEFC5C42-D3FD-4CC1-BCF0-54660DB9BDF3}.Release|Any CPU.Build.0 = Release|Any CPU
		{DEFC5C42-D3FD-4CC1-BCF0-54660DB9BDF3}.Release|ARM.ActiveCfg = Release|Any CPU
		{DEFC5C42-D3FD-4CC1-BCF0-54660DB9BDF3}.Release|ARM.Build.0 = Release|Any CPU
		{DEFC5C42-D3FD-4CC1-BCF0-54660DB9BDF3}.Release|x64.ActiveCfg = Release|Any CPU
		{DEFC5C42-D3FD-4CC1-BCF0-54660DB9BDF3}.Release|x64.Build.0 = Release|Any CPU
		{DEFC5C42-D3FD-4CC1-BCF0-54660DB9BDF3}.Release|x86.ActiveCfg = Release|Any CPU
		{DEFC5C42-D3FD-4CC1-BCF0-54660DB9BDF3}.Release|x86.Build.0 = Release|Any CPU
		{3D00720E-268E-49BF-8EAA-4750272D61F5}.Debug|Any CPU.ActiveCfg = Debug|Any CPU
		{3D00720E-268E-49BF-8EAA-4750272D61F5}.Debug|Any CPU.Build.0 = Debug|Any CPU
		{3D00720E-268E-49BF-8EAA-4750272D61F5}.Debug|ARM.ActiveCfg = Debug|Any CPU
		{3D00720E-268E-49BF-8EAA-4750272D61F5}.Debug|ARM.Build.0 = Debug|Any CPU
		{3D00720E-268E-49BF-8EAA-4750272D61F5}.Debug|x64.ActiveCfg = Debug|Any CPU
		{3D00720E-268E-49BF-8EAA-4750272D61F5}.Debug|x64.Build.0 = Debug|Any CPU
		{3D00720E-268E-49BF-8EAA-4750272D61F5}.Debug|x86.ActiveCfg = Debug|Any CPU
		{3D00720E-268E-49BF-8EAA-4750272D61F5}.Debug|x86.Build.0 = Debug|Any CPU
		{3D00720E-268E-49BF-8EAA-4750272D61F5}.Release|Any CPU.ActiveCfg = Release|Any CPU
		{3D00720E-268E-49BF-8EAA-4750272D61F5}.Release|Any CPU.Build.0 = Release|Any CPU
		{3D00720E-268E-49BF-8EAA-4750272D61F5}.Release|ARM.ActiveCfg = Release|Any CPU
		{3D00720E-268E-49BF-8EAA-4750272D61F5}.Release|ARM.Build.0 = Release|Any CPU
		{3D00720E-268E-49BF-8EAA-4750272D61F5}.Release|x64.ActiveCfg = Release|Any CPU
		{3D00720E-268E-49BF-8EAA-4750272D61F5}.Release|x64.Build.0 = Release|Any CPU
		{3D00720E-268E-49BF-8EAA-4750272D61F5}.Release|x86.ActiveCfg = Release|Any CPU
		{3D00720E-268E-49BF-8EAA-4750272D61F5}.Release|x86.Build.0 = Release|Any CPU
	EndGlobalSection
	GlobalSection(SolutionProperties) = preSolution
		HideSolutionNode = FALSE
	EndGlobalSection
	GlobalSection(ExtensibilityGlobals) = postSolution
		SolutionGuid = {9397DC7E-5A74-4982-9A4B-227C725E8CEC}
	EndGlobalSection
EndGlobal
